
Microsoft Visual Studio Solution File, Format Version 12.00
# Visual Studio 15
VisualStudioVersion = 15.0.27428.2015
MinimumVisualStudioVersion = 10.0.40219.1
Project("{8BC9CEB8-8B4A-11D0-8D11-00A0C91BC942}") = "ChessProject", "ChessProject\ChessProject.vcxproj", "{3FF4239C-AC81-4B70-A74B-8CF01E8DAE4F}"
EndProject
Global
	GlobalSection(SolutionConfigurationPlatforms) = preSolution
		Debug|x64 = Debug|x64
		Debug|x86 = Debug|x86
		Release|x64 = Release|x64
		Release|x86 = Release|x86
	EndGlobalSection
	GlobalSection(ProjectConfigurationPlatforms) = postSolution
		{3FF4239C-AC81-4B70-A74B-8CF01E8DAE4F}.Debug|x64.ActiveCfg = Debug|x64
		{3FF4239C-AC81-4B70-A74B-8CF01E8DAE4F}.Debug|x64.Build.0 = Debug|x64
		{3FF4239C-AC81-4B70-A74B-8CF01E8DAE4F}.Debug|x86.ActiveCfg = Debug|Win32
		{3FF4239C-AC81-4B70-A74B-8CF01E8DAE4F}.Debug|x86.Build.0 = Debug|Win32
		{3FF4239C-AC81-4B70-A74B-8CF01E8DAE4F}.Release|x64.ActiveCfg = Release|x64
		{3FF4239C-AC81-4B70-A74B-8CF01E8DAE4F}.Release|x64.Build.0 = Release|x64
		{3FF4239C-AC81-4B70-A74B-8CF01E8DAE4F}.Release|x86.ActiveCfg = Release|Win32
		{3FF4239C-AC81-4B70-A74B-8CF01E8DAE4F}.Release|x86.Build.0 = Release|Win32
	EndGlobalSection
	GlobalSection(SolutionProperties) = preSolution
		HideSolutionNode = FALSE
	EndGlobalSection
	GlobalSection(ExtensibilityGlobals) = postSolution
		SolutionGuid = {B88DED3D-77D1-4D84-8575-A8ABEA4B14E6}
	EndGlobalSection
EndGlobal
